Microsoft Visual Studio Solution File, Format Version 12.00
# Visual Studio Version 17
VisualStudioVersion = 17.5.2.0
MinimumVisualStudioVersion = 10.0.40219.1
Project("{FAE04EC0-301F-11D3-BF4B-00C04F79EFBC}") = "alan_hesaplama", "alanhesaplama\alan_hesaplama.csproj", "{E1F673BD-F5AF-B9B2-1EB9-2D8A83FF53E0}"
EndProject
Project("{FAE04EC0-301F-11D3-BF4B-00C04F79EFBC}") = "algoritma", "algoritma\algoritma.csproj", "{A5589442-858B-AD25-2572-2B2327D9395A}"
EndProject
Project("{FAE04EC0-301F-11D3-BF4B-00C04F79EFBC}") = "ReverseToText", "reverseTotext\ReverseToText.csproj", "{478A9F86-126B-0C17-7EE5-165AE4A8FBD2}"
EndProject
Global
	GlobalSection(SolutionConfigurationPlatforms) = preSolution
		Debug|Any CPU = Debug|Any CPU
		Release|Any CPU = Release|Any CPU
	EndGlobalSection
	GlobalSection(ProjectConfigurationPlatforms) = postSolution
		{E1F673BD-F5AF-B9B2-1EB9-2D8A83FF53E0}.Debug|Any CPU.ActiveCfg = Debug|Any CPU
		{E1F673BD-F5AF-B9B2-1EB9-2D8A83FF53E0}.Debug|Any CPU.Build.0 = Debug|Any CPU
		{E1F673BD-F5AF-B9B2-1EB9-2D8A83FF53E0}.Release|Any CPU.ActiveCfg = Release|Any CPU
		{E1F673BD-F5AF-B9B2-1EB9-2D8A83FF53E0}.Release|Any CPU.Build.0 = Release|Any CPU
		{A5589442-858B-AD25-2572-2B2327D9395A}.Debug|Any CPU.ActiveCfg = Debug|Any CPU
		{A5589442-858B-AD25-2572-2B2327D9395A}.Debug|Any CPU.Build.0 = Debug|Any CPU
		{A5589442-858B-AD25-2572-2B2327D9395A}.Release|Any CPU.ActiveCfg = Release|Any CPU
		{A5589442-858B-AD25-2572-2B2327D9395A}.Release|Any CPU.Build.0 = Release|Any CPU
		{478A9F86-126B-0C17-7EE5-165AE4A8FBD2}.Debug|Any CPU.ActiveCfg = Debug|Any CPU
		{478A9F86-126B-0C17-7EE5-165AE4A8FBD2}.Debug|Any CPU.Build.0 = Debug|Any CPU
		{478A9F86-126B-0C17-7EE5-165AE4A8FBD2}.Release|Any CPU.ActiveCfg = Release|Any CPU
		{478A9F86-126B-0C17-7EE5-165AE4A8FBD2}.Release|Any CPU.Build.0 = Release|Any CPU
	EndGlobalSection
	GlobalSection(SolutionProperties) = preSolution
		HideSolutionNode = FALSE
	EndGlobalSection
	GlobalSection(ExtensibilityGlobals) = postSolution
		SolutionGuid = {C2A10CB0-24E8-48A7-8805-98BBB3F05E70}
	EndGlobalSection
EndGlobal
